{
  "requires": true,
  "lockfileVersion": 1,
  "dependencies": {
    "redux-observable": {
      "version": "1.2.0",
      "resolved": "https://registry.npmjs.org/redux-observable/-/redux-observable-1.2.0.tgz",
      "integrity": "sha512-yeR90RP2WzZzCxxnQPlh2uFzyfFLsfXu8ROh53jGDPXVqj71uNDMmvi/YKQkd9ofiVoO4OYb1snbowO49tCEMg=="
    }
  }
}
